
Microsoft Visual Studio Solution File, Format Version 12.00
# Visual Studio Version 17
VisualStudioVersion = 17.11.35222.181
MinimumVisualStudioVersion = 10.0.40219.1
Project("{FAE04EC0-301F-11D3-BF4B-00C04F79EFBC}") = "NomozVaqti4", "NomozVaqti4\NomozVaqti4.csproj", "{F71762AF-A8BE-44F2-B96E-0CE3532DB53D}"
EndProject
Global
	GlobalSection(SolutionConfigurationPlatforms) = preSolution
		Debug|Any CPU = Debug|Any CPU
		Release|Any CPU = Release|Any CPU
	EndGlobalSection
	GlobalSection(ProjectConfigurationPlatforms) = postSolution
		{F71762AF-A8BE-44F2-B96E-0CE3532DB53D}.Debug|Any CPU.ActiveCfg = Debug|Any CPU
		{F71762AF-A8BE-44F2-B96E-0CE3532DB53D}.Debug|Any CPU.Build.0 = Debug|Any CPU
		{F71762AF-A8BE-44F2-B96E-0CE3532DB53D}.Release|Any CPU.ActiveCfg = Release|Any CPU
		{F71762AF-A8BE-44F2-B96E-0CE3532DB53D}.Release|Any CPU.Build.0 = Release|Any CPU
	EndGlobalSection
	GlobalSection(SolutionProperties) = preSolution
		HideSolutionNode = FALSE
	EndGlobalSection
	GlobalSection(ExtensibilityGlobals) = postSolution
		SolutionGuid = {B8F332A5-18DC-435E-8752-0E3B8B4702E5}
	EndGlobalSection
EndGlobal
